// !$*UTF8*$!
{
	archiveVersion = 1;
	classes = {
	};
	objectVersion = 56;
	objects = {

/* Begin PBXBuildFile section */
		482DF7EA2970AC48001E0401 /* SoundpPlayer.cpp in Sources */ = {isa = PBXBuildFile; fileRef = 482DF7E82970AC48001E0401 /* SoundpPlayer.cpp */; };
		482F7B732945DEAE0037094D /* MyApp.cpp in Sources */ = {isa = PBXBuildFile; fileRef = 482F7B702945DEAD0037094D /* MyApp.cpp */; };
		4886292F294A758200163F01 /* GamePage.cpp in Sources */ = {isa = PBXBuildFile; fileRef = 4886292D294A758200163F01 /* GamePage.cpp */; };
		48FFCE0A2945E95300AD5CCD /* WelcomePage.cpp in Sources */ = {isa = PBXBuildFile; fileRef = 48FFCE082945E95300AD5CCD /* WelcomePage.cpp */; };
/* End PBXBuildFile section */

/* Begin PBXFileReference section */
		482DF7E629709E43001E0401 /* music.mp3 */ = {isa = PBXFileReference; lastKnownFileType = audio.mp3; path = music.mp3; sourceTree = "<group>"; };
		482DF7E82970AC48001E0401 /* SoundpPlayer.cpp */ = {isa = PBXFileReference; lastKnownFileType = sourcecode.cpp.cpp; path = SoundpPlayer.cpp; sourceTree = "<group>"; };
		482DF7E92970AC48001E0401 /* SoundPlayer.hpp */ = {isa = PBXFileReference; lastKnownFileType = sourcecode.cpp.h; path = SoundPlayer.hpp; sourceTree = "<group>"; };
		482F7B652945DE610037094D /* PaxBritannica */ = {isa = PBXFileReference; explicitFileType = "compiled.mach-o.executable"; includeInIndex = 0; path = PaxBritannica; sourceTree = BUILT_PRODUCTS_DIR; };
		482F7B702945DEAD0037094D /* MyApp.cpp */ = {isa = PBXFileReference; fileEncoding = 4; lastKnownFileType = sourcecode.cpp.cpp; path = MyApp.cpp; sourceTree = "<group>"; };
		482F7B712945DEAE0037094D /* MyApp.hpp */ = {isa = PBXFileReference; fileEncoding = 4; lastKnownFileType = sourcecode.cpp.h; path = MyApp.hpp; sourceTree = "<group>"; };
		4886292D294A758200163F01 /* GamePage.cpp */ = {isa = PBXFileReference; fileEncoding = 4; lastKnownFileType = sourcecode.cpp.cpp; path = GamePage.cpp; sourceTree = "<group>"; };
		4886292E294A758200163F01 /* GamePage.hpp */ = {isa = PBXFileReference; fileEncoding = 4; lastKnownFileType = sourcecode.cpp.h; path = GamePage.hpp; sourceTree = "<group>"; };
		48862931294A767C00163F01 /* background.png */ = {isa = PBXFileReference; lastKnownFileType = image.png; path = background.png; sourceTree = "<group>"; };
		48862933294A7CF600163F01 /* parameters.h */ = {isa = PBXFileReference; lastKnownFileType = sourcecode.c.h; path = parameters.h; sourceTree = "<group>"; };
		48FFCE082945E95300AD5CCD /* WelcomePage.cpp */ = {isa = PBXFileReference; fileEncoding = 4; lastKnownFileType = sourcecode.cpp.cpp; path = WelcomePage.cpp; sourceTree = "<group>"; };
		48FFCE092945E95300AD5CCD /* WelcomePage.hpp */ = {isa = PBXFileReference; fileEncoding = 4; lastKnownFileType = sourcecode.cpp.h; path = WelcomePage.hpp; sourceTree = "<group>"; };
		48FFCE0B2945EA5900AD5CCD /* PaxBritannica.entitlements */ = {isa = PBXFileReference; lastKnownFileType = text.plist.entitlements; path = PaxBritannica.entitlements; sourceTree = "<group>"; };
		48FFCE0E2945EC3C00AD5CCD /* logo.png */ = {isa = PBXFileReference; lastKnownFileType = image.png; path = logo.png; sourceTree = "<group>"; };
/* End PBXFileReference section */

/* Begin PBXFrameworksBuildPhase section */
		482F7B622945DE610037094D /* Frameworks */ = {
			isa = PBXFrameworksBuildPhase;
			buildActionMask = 2147483647;
			files = (
			);
			runOnlyForDeploymentPostprocessing = 0;
		};
/* End PBXFrameworksBuildPhase section */

/* Begin PBXGroup section */
		482DF7E72970AC07001E0401 /* utils */ = {
			isa = PBXGroup;
			children = (
				482DF7E82970AC48001E0401 /* SoundpPlayer.cpp */,
				482DF7E92970AC48001E0401 /* SoundPlayer.hpp */,
			);
			path = utils;
			sourceTree = "<group>";
		};
		482F7B5C2945DE610037094D = {
			isa = PBXGroup;
			children = (
				482F7B672945DE610037094D /* PaxBritannica */,
				482F7B662945DE610037094D /* Products */,
			);
			sourceTree = "<group>";
		};
		482F7B662945DE610037094D /* Products */ = {
			isa = PBXGroup;
			children = (
				482F7B652945DE610037094D /* PaxBritannica */,
			);
			name = Products;
			sourceTree = "<group>";
		};
		482F7B672945DE610037094D /* PaxBritannica */ = {
			isa = PBXGroup;
			children = (
				482DF7E72970AC07001E0401 /* utils */,
				48FFCE0C2945EC0F00AD5CCD /* res */,
				48FFCE0B2945EA5900AD5CCD /* PaxBritannica.entitlements */,
				48FFCE012945E8BD00AD5CCD /* pages */,
				482F7B702945DEAD0037094D /* MyApp.cpp */,
				482F7B712945DEAE0037094D /* MyApp.hpp */,
				48862933294A7CF600163F01 /* parameters.h */,
			);
			path = PaxBritannica;
			sourceTree = "<group>";
		};
		48FFCE012945E8BD00AD5CCD /* pages */ = {
			isa = PBXGroup;
			children = (
				48FFCE082945E95300AD5CCD /* WelcomePage.cpp */,
				48FFCE092945E95300AD5CCD /* WelcomePage.hpp */,
				4886292D294A758200163F01 /* GamePage.cpp */,
				4886292E294A758200163F01 /* GamePage.hpp */,
			);
			path = pages;
			sourceTree = "<group>";
		};
		48FFCE0C2945EC0F00AD5CCD /* res */ = {
			isa = PBXGroup;
			children = (
				482DF7E629709E43001E0401 /* music.mp3 */,
				48FFCE0E2945EC3C00AD5CCD /* logo.png */,
				48862931294A767C00163F01 /* background.png */,
			);
			path = res;
			sourceTree = "<group>";
		};
/* End PBXGroup section */

/* Begin PBXNativeTarget section */
		482F7B642945DE610037094D /* PaxBritannica */ = {
			isa = PBXNativeTarget;
			buildConfigurationList = 482F7B6C2945DE610037094D /* Build configuration list for PBXNativeTarget "PaxBritannica" */;
			buildPhases = (
				482F7B612945DE610037094D /* Sources */,
				482F7B622945DE610037094D /* Frameworks */,
			);
			buildRules = (
			);
			dependencies = (
			);
			name = PaxBritannica;
			productName = PaxBritannica;
			productReference = 482F7B652945DE610037094D /* PaxBritannica */;
			productType = "com.apple.product-type.tool";
		};
/* End PBXNativeTarget section */

/* Begin PBXProject section */
		482F7B5D2945DE610037094D /* Project object */ = {
			isa = PBXProject;
			attributes = {
				BuildIndependentTargetsInParallel = 1;
				LastUpgradeCheck = 1410;
				TargetAttributes = {
					482F7B642945DE610037094D = {
						CreatedOnToolsVersion = 14.1;
					};
				};
			};
			buildConfigurationList = 482F7B602945DE610037094D /* Build configuration list for PBXProject "PaxBritannica" */;
			compatibilityVersion = "Xcode 14.0";
			developmentRegion = en;
			hasScannedForEncodings = 0;
			knownRegions = (
				en,
				Base,
			);
			mainGroup = 482F7B5C2945DE610037094D;
			productRefGroup = 482F7B662945DE610037094D /* Products */;
			projectDirPath = "";
			projectRoot = "";
			targets = (
				482F7B642945DE610037094D /* PaxBritannica */,
			);
		};
/* End PBXProject section */

/* Begin PBXSourcesBuildPhase section */
		482F7B612945DE610037094D /* Sources */ = {
			isa = PBXSourcesBuildPhase;
			buildActionMask = 2147483647;
			files = (
				482F7B732945DEAE0037094D /* MyApp.cpp in Sources */,
				4886292F294A758200163F01 /* GamePage.cpp in Sources */,
				482DF7EA2970AC48001E0401 /* SoundpPlayer.cpp in Sources */,
				48FFCE0A2945E95300AD5CCD /* WelcomePage.cpp in Sources */,
			);
			runOnlyForDeploymentPostprocessing = 0;
		};
/* End PBXSourcesBuildPhase section */

/* Begin XCBuildConfiguration section */
		482F7B6A2945DE610037094D /* Debug */ = {
			isa = XCBuildConfiguration;
			buildSettings = {
				ALWAYS_SEARCH_USER_PATHS = NO;
				CLANG_ANALYZER_NONNULL = YES;
				CLANG_ANALYZER_NUMBER_OBJECT_CONVERSION = YES_AGGRESSIVE;
				CLANG_CXX_LANGUAGE_STANDARD = "c++0x";
				CLANG_ENABLE_MODULES = YES;
				CLANG_ENABLE_OBJC_ARC = YES;
				CLANG_ENABLE_OBJC_WEAK = YES;
				CLANG_WARN_BLOCK_CAPTURE_AUTORELEASING = YES;
				CLANG_WARN_BOOL_CONVERSION = YES;
				CLANG_WARN_COMMA = YES;
				CLANG_WARN_CONSTANT_CONVERSION = YES;
				CLANG_WARN_DEPRECATED_OBJC_IMPLEMENTATIONS = YES;
				CLANG_WARN_DIRECT_OBJC_ISA_USAGE = YES_ERROR;
				CLANG_WARN_DOCUMENTATION_COMMENTS = YES;
				CLANG_WARN_EMPTY_BODY = YES;
				CLANG_WARN_ENUM_CONVERSION = YES;
				CLANG_WARN_INFINITE_RECURSION = YES;
				CLANG_WARN_INT_CONVERSION = YES;
				CLANG_WARN_NON_LITERAL_NULL_CONVERSION = YES;
				CLANG_WARN_OBJC_IMPLICIT_RETAIN_SELF = YES;
				CLANG_WARN_OBJC_LITERAL_CONVERSION = YES;
				CLANG_WARN_OBJC_ROOT_CLASS = YES_ERROR;
				CLANG_WARN_QUOTED_INCLUDE_IN_FRAMEWORK_HEADER = YES;
				CLANG_WARN_RANGE_LOOP_ANALYSIS = YES;
				CLANG_WARN_STRICT_PROTOTYPES = YES;
				CLANG_WARN_SUSPICIOUS_MOVE = YES;
				CLANG_WARN_UNGUARDED_AVAILABILITY = YES_AGGRESSIVE;
				CLANG_WARN_UNREACHABLE_CODE = YES;
				CLANG_WARN__DUPLICATE_METHOD_MATCH = YES;
				COPY_PHASE_STRIP = NO;
				DEBUG_INFORMATION_FORMAT = dwarf;
				ENABLE_STRICT_OBJC_MSGSEND = YES;
				ENABLE_TESTABILITY = YES;
				GCC_C_LANGUAGE_STANDARD = c11;
				GCC_DYNAMIC_NO_PIC = NO;
				GCC_NO_COMMON_BLOCKS = YES;
				GCC_OPTIMIZATION_LEVEL = 0;
				GCC_PREPROCESSOR_DEFINITIONS = (
					"DEBUG=1",
					"$(inherited)",
				);
				GCC_WARN_64_TO_32_BIT_CONVERSION = YES;
				GCC_WARN_ABOUT_RETURN_TYPE = YES_ERROR;
				GCC_WARN_UNDECLARED_SELECTOR = YES;
				GCC_WARN_UNINITIALIZED_AUTOS = YES_AGGRESSIVE;
				GCC_WARN_UNUSED_FUNCTION = YES;
				GCC_WARN_UNUSED_VARIABLE = YES;
				HEADER_SEARCH_PATHS = "";
				LIBRARY_SEARCH_PATHS = "";
				MACOSX_DEPLOYMENT_TARGET = 12.6;
				MTL_ENABLE_DEBUG_INFO = INCLUDE_SOURCE;
				MTL_FAST_MATH = YES;
				ONLY_ACTIVE_ARCH = YES;
				OTHER_CPLUSPLUSFLAGS = (
					"$(OTHER_CFLAGS)",
					"-I/usr/local/lib/wx/include/osx_cocoa-unicode-3.2",
					"-I/usr/local/include/wx-3.2",
					"-D_FILE_OFFSET_BITS=64",
					"-DWXUSINGDLL",
					"-D__WXMAC__",
					"-D__WXOSX__",
					"-D__WXOSX_COCOA__",
				);
				OTHER_LDFLAGS = (
					"-L/usr/local/lib",
					"-framework",
					IOKit,
					"-framework",
					Carbon,
					"-framework",
					Cocoa,
					"-framework",
					QuartzCore,
					"-framework",
					AudioToolbox,
					"-framework",
					System,
					"-framework",
					OpenGL,
					"-lwx_osx_cocoau_xrc-3.2",
					"-lwx_osx_cocoau_html-3.2",
					"-lwx_osx_cocoau_qa-3.2",
					"-lwx_osx_cocoau_core-3.2",
					"-lwx_baseu_xml-3.2",
					"-lwx_baseu_net-3.2",
					"-lwx_baseu-3.2",
					"-lao",
					"-lmpg123",
				);
				SDKROOT = macosx;
			};
			name = Debug;
		};
		482F7B6B2945DE610037094D /* Release */ = {
			isa = XCBuildConfiguration;
			buildSettings = {
				ALWAYS_SEARCH_USER_PATHS = NO;
				CLANG_ANALYZER_NONNULL = YES;
				CLANG_ANALYZER_NUMBER_OBJECT_CONVERSION = YES_AGGRESSIVE;
				CLANG_CXX_LANGUAGE_STANDARD = "c++0x";
				CLANG_ENABLE_MODULES = YES;
				CLANG_ENABLE_OBJC_ARC = YES;
				CLANG_ENABLE_OBJC_WEAK = YES;
				CLANG_WARN_BLOCK_CAPTURE_AUTORELEASING = YES;
				CLANG_WARN_BOOL_CONVERSION = YES;
				CLANG_WARN_COMMA = YES;
				CLANG_WARN_CONSTANT_CONVERSION = YES;
				CLANG_WARN_DEPRECATED_OBJC_IMPLEMENTATIONS = YES;
				CLANG_WARN_DIRECT_OBJC_ISA_USAGE = YES_ERROR;
				CLANG_WARN_DOCUMENTATION_COMMENTS = YES;
				CLANG_WARN_EMPTY_BODY = YES;
				CLANG_WARN_ENUM_CONVERSION = YES;
				CLANG_WARN_INFINITE_RECURSION = YES;
				CLANG_WARN_INT_CONVERSION = YES;
				CLANG_WARN_NON_LITERAL_NULL_CONVERSION = YES;
				CLANG_WARN_OBJC_IMPLICIT_RETAIN_SELF = YES;
				CLANG_WARN_OBJC_LITERAL_CONVERSION = YES;
				CLANG_WARN_OBJC_ROOT_CLASS = YES_ERROR;
				CLANG_WARN_QUOTED_INCLUDE_IN_FRAMEWORK_HEADER = YES;
				CLANG_WARN_RANGE_LOOP_ANALYSIS = YES;
				CLANG_WARN_STRICT_PROTOTYPES = YES;
				CLANG_WARN_SUSPICIOUS_MOVE = YES;
				CLANG_WARN_UNGUARDED_AVAILABILITY = YES_AGGRESSIVE;
				CLANG_WARN_UNREACHABLE_CODE = YES;
				CLANG_WARN__DUPLICATE_METHOD_MATCH = YES;
				COPY_PHASE_STRIP = NO;
				DEBUG_INFORMATION_FORMAT = "dwarf-with-dsym";
				ENABLE_NS_ASSERTIONS = NO;
				ENABLE_STRICT_OBJC_MSGSEND = YES;
				GCC_C_LANGUAGE_STANDARD = c11;
				GCC_NO_COMMON_BLOCKS = YES;
				GCC_WARN_64_TO_32_BIT_CONVERSION = YES;
				GCC_WARN_ABOUT_RETURN_TYPE = YES_ERROR;
				GCC_WARN_UNDECLARED_SELECTOR = YES;
				GCC_WARN_UNINITIALIZED_AUTOS = YES_AGGRESSIVE;
				GCC_WARN_UNUSED_FUNCTION = YES;
				GCC_WARN_UNUSED_VARIABLE = YES;
				HEADER_SEARCH_PATHS = "";
				LIBRARY_SEARCH_PATHS = "";
				MACOSX_DEPLOYMENT_TARGET = 12.6;
				MTL_ENABLE_DEBUG_INFO = NO;
				MTL_FAST_MATH = YES;
				OTHER_CPLUSPLUSFLAGS = (
					"$(OTHER_CFLAGS)",
					"-I/usr/local/lib/wx/include/osx_cocoa-unicode-3.2",
					"-I/usr/local/include/wx-3.2",
					"-D_FILE_OFFSET_BITS=64",
					"-DWXUSINGDLL",
					"-D__WXMAC__",
					"-D__WXOSX__",
					"-D__WXOSX_COCOA__",
				);
				OTHER_LDFLAGS = (
					"-L/usr/local/lib",
					"-framework",
					IOKit,
					"-framework",
					Carbon,
					"-framework",
					Cocoa,
					"-framework",
					QuartzCore,
					"-framework",
					AudioToolbox,
					"-framework",
					System,
					"-framework",
					OpenGL,
					"-lwx_osx_cocoau_xrc-3.2",
					"-lwx_osx_cocoau_html-3.2",
					"-lwx_osx_cocoau_qa-3.2",
					"-lwx_osx_cocoau_core-3.2",
					"-lwx_baseu_xml-3.2",
					"-lwx_baseu_net-3.2",
					"-lwx_baseu-3.2",
					"-lao",
					"-lmpg123",
				);
				SDKROOT = macosx;
			};
			name = Release;
		};
		482F7B6D2945DE610037094D /* Debug */ = {
			isa = XCBuildConfiguration;
			buildSettings = {
				CLANG_WARN_DOCUMENTATION_COMMENTS = NO;
				CODE_SIGN_ENTITLEMENTS = PaxBritannica/PaxBritannica.entitlements;
				CODE_SIGN_STYLE = Automatic;
				DEVELOPMENT_TEAM = 5P46MBRP8W;
				ENABLE_HARDENED_RUNTIME = YES;
				HEADER_SEARCH_PATHS = /usr/local/include;
				INSTALL_PATH = .;
				LIBRARY_SEARCH_PATHS = /usr/local/lib;
				OTHER_LDFLAGS = (
					"-L/usr/local/lib",
					"-framework",
					IOKit,
					"-framework",
					Carbon,
					"-framework",
					Cocoa,
					"-framework",
					QuartzCore,
					"-framework",
					AudioToolbox,
					"-framework",
					System,
					"-framework",
					OpenGL,
					"-lwx_osx_cocoau_xrc-3.2",
					"-lwx_osx_cocoau_html-3.2",
					"-lwx_osx_cocoau_qa-3.2",
					"-lwx_osx_cocoau_core-3.2",
					"-lwx_baseu_xml-3.2",
					"-lwx_baseu_net-3.2",
					"-lwx_baseu-3.2",
					"-lao",
					"-lmpg123",
				);
				PRODUCT_NAME = "$(TARGET_NAME)";
				SYSTEM_HEADER_SEARCH_PATHS = "";
			};
			name = Debug;
		};
		482F7B6E2945DE610037094D /* Release */ = {
			isa = XCBuildConfiguration;
			buildSettings = {
				CLANG_WARN_DOCUMENTATION_COMMENTS = NO;
				CODE_SIGN_ENTITLEMENTS = PaxBritannica/PaxBritannica.entitlements;
				CODE_SIGN_STYLE = Automatic;
				DEVELOPMENT_TEAM = 5P46MBRP8W;
				ENABLE_HARDENED_RUNTIME = YES;
				HEADER_SEARCH_PATHS = /usr/local/include;
				INSTALL_PATH = .;
				LIBRARY_SEARCH_PATHS = /usr/local/lib;
				OTHER_LDFLAGS = (
					"-L/usr/local/lib",
					"-framework",
					IOKit,
					"-framework",
					Carbon,
					"-framework",
					Cocoa,
					"-framework",
					QuartzCore,
					"-framework",
					AudioToolbox,
					"-framework",
					System,
					"-framework",
					OpenGL,
					"-lwx_osx_cocoau_xrc-3.2",
					"-lwx_osx_cocoau_html-3.2",
					"-lwx_osx_cocoau_qa-3.2",
					"-lwx_osx_cocoau_core-3.2",
					"-lwx_baseu_xml-3.2",
					"-lwx_baseu_net-3.2",
					"-lwx_baseu-3.2",
					"-lao",
					"-lmpg123",
				);
				PRODUCT_NAME = "$(TARGET_NAME)";
				SYSTEM_HEADER_SEARCH_PATHS = "";
			};
			name = Release;
		};
/* End XCBuildConfiguration section */

/* Begin XCConfigurationList section */
		482F7B602945DE610037094D /* Build configuration list for PBXProject "PaxBritannica" */ = {
			isa = XCConfigurationList;
			buildConfigurations = (
				482F7B6A2945DE610037094D /* Debug */,
				482F7B6B2945DE610037094D /* Release */,
			);
			defaultConfigurationIsVisible = 0;
			defaultConfigurationName = Release;
		};
		482F7B6C2945DE610037094D /* Build configuration list for PBXNativeTarget "PaxBritannica" */ = {
			isa = XCConfigurationList;
			buildConfigurations = (
				482F7B6D2945DE610037094D /* Debug */,
				482F7B6E2945DE610037094D /* Release */,
			);
			defaultConfigurationIsVisible = 0;
			defaultConfigurationName = Release;
		};
/* End XCConfigurationList section */
	};
	rootObject = 482F7B5D2945DE610037094D /* Project object */;
}
